// !$*UTF8*$!
{
	archiveVersion = 1;
	classes = {
	};
	objectVersion = 54;
	objects = {

/* Begin PBXBuildFile section */
		420A883626039C4000000E89 /* AppDelegate.swift in Sources */ = {isa = PBXBuildFile; fileRef = 420A883526039C4000000E89 /* AppDelegate.swift */; };
		420A883826039C4000000E89 /* SceneDelegate.swift in Sources */ = {isa = PBXBuildFile; fileRef = 420A883726039C4000000E89 /* SceneDelegate.swift */; };
		420A883A26039C4000000E89 /* SearchViewController.swift in Sources */ = {isa = PBXBuildFile; fileRef = 420A883926039C4000000E89 /* SearchViewController.swift */; };
		420A883D26039C4000000E89 /* Main.storyboard in Resources */ = {isa = PBXBuildFile; fileRef = 420A883B26039C4000000E89 /* Main.storyboard */; };
		420A884026039C4000000E89 /* Wiki.xcdatamodeld in Sources */ = {isa = PBXBuildFile; fileRef = 420A883E26039C4000000E89 /* Wiki.xcdatamodeld */; };
		420A884226039C4300000E89 /* Assets.xcassets in Resources */ = {isa = PBXBuildFile; fileRef = 420A884126039C4300000E89 /* Assets.xcassets */; };
		420A884526039C4300000E89 /* LaunchScreen.storyboard in Resources */ = {isa = PBXBuildFile; fileRef = 420A884326039C4300000E89 /* LaunchScreen.storyboard */; };
		420A88582603ADF800000E89 /* SavedViewController.swift in Sources */ = {isa = PBXBuildFile; fileRef = 420A88572603ADF800000E89 /* SavedViewController.swift */; };
		420A885C2603B6DD00000E89 /* WebDataProvider.swift in Sources */ = {isa = PBXBuildFile; fileRef = 420A885B2603B6DD00000E89 /* WebDataProvider.swift */; };
		42A7893A2604FB6F00590519 /* data.json in Resources */ = {isa = PBXBuildFile; fileRef = 42A789392604FB6F00590519 /* data.json */; };
		42A7893D26051CDD00590519 /* xmlData.xml in Resources */ = {isa = PBXBuildFile; fileRef = 42A7893C26051CDD00590519 /* xmlData.xml */; };
		42A78940260533D800590519 /* Result.swift in Sources */ = {isa = PBXBuildFile; fileRef = 42A7893F260533D800590519 /* Result.swift */; };
		42A7894A2606395600590519 /* WebViewController.swift in Sources */ = {isa = PBXBuildFile; fileRef = 42A789492606395600590519 /* WebViewController.swift */; };
/* End PBXBuildFile section */

/* Begin PBXFileReference section */
		420A883226039C4000000E89 /* Wiki.app */ = {isa = PBXFileReference; explicitFileType = wrapper.application; includeInIndex = 0; path = Wiki.app; sourceTree = BUILT_PRODUCTS_DIR; };
		420A883526039C4000000E89 /* AppDelegate.swift */ = {isa = PBXFileReference; lastKnownFileType = sourcecode.swift; path = AppDelegate.swift; sourceTree = "<group>"; };
		420A883726039C4000000E89 /* SceneDelegate.swift */ = {isa = PBXFileReference; lastKnownFileType = sourcecode.swift; path = SceneDelegate.swift; sourceTree = "<group>"; };
		420A883926039C4000000E89 /* SearchViewController.swift */ = {isa = PBXFileReference; lastKnownFileType = sourcecode.swift; path = SearchViewController.swift; sourceTree = "<group>"; };
		420A883C26039C4000000E89 /* Base */ = {isa = PBXFileReference; lastKnownFileType = file.storyboard; name = Base; path = Base.lproj/Main.storyboard; sourceTree = "<group>"; };
		420A883F26039C4000000E89 /* Wiki.xcdatamodel */ = {isa = PBXFileReference; lastKnownFileType = wrapper.xcdatamodel; path = Wiki.xcdatamodel; sourceTree = "<group>"; };
		420A884126039C4300000E89 /* Assets.xcassets */ = {isa = PBXFileReference; lastKnownFileType = folder.assetcatalog; path = Assets.xcassets; sourceTree = "<group>"; };
		420A884426039C4300000E89 /* Base */ = {isa = PBXFileReference; lastKnownFileType = file.storyboard; name = Base; path = Base.lproj/LaunchScreen.storyboard; sourceTree = "<group>"; };
		420A884626039C4300000E89 /* Info.plist */ = {isa = PBXFileReference; lastKnownFileType = text.plist.xml; path = Info.plist; sourceTree = "<group>"; };
		420A88572603ADF800000E89 /* SavedViewController.swift */ = {isa = PBXFileReference; lastKnownFileType = sourcecode.swift; path = SavedViewController.swift; sourceTree = "<group>"; };
		420A885B2603B6DD00000E89 /* WebDataProvider.swift */ = {isa = PBXFileReference; lastKnownFileType = sourcecode.swift; path = WebDataProvider.swift; sourceTree = "<group>"; };
		42A789392604FB6F00590519 /* data.json */ = {isa = PBXFileReference; fileEncoding = 4; lastKnownFileType = text.json; path = data.json; sourceTree = SOURCE_ROOT; };
		42A7893C26051CDD00590519 /* xmlData.xml */ = {isa = PBXFileReference; fileEncoding = 4; lastKnownFileType = text.xml; path = xmlData.xml; sourceTree = SOURCE_ROOT; };
		42A7893F260533D800590519 /* Result.swift */ = {isa = PBXFileReference; lastKnownFileType = sourcecode.swift; path = Result.swift; sourceTree = "<group>"; };
		42A789492606395600590519 /* WebViewController.swift */ = {isa = PBXFileReference; lastKnownFileType = sourcecode.swift; path = WebViewController.swift; sourceTree = "<group>"; };
/* End PBXFileReference section */

/* Begin PBXFrameworksBuildPhase section */
		420A882F26039C4000000E89 /* Frameworks */ = {
			isa = PBXFrameworksBuildPhase;
			buildActionMask = 2147483647;
			files = (
			);
			runOnlyForDeploymentPostprocessing = 0;
		};
/* End PBXFrameworksBuildPhase section */

/* Begin PBXGroup section */
		420A882926039C3F00000E89 = {
			isa = PBXGroup;
			children = (
				420A883426039C4000000E89 /* Wiki */,
				420A883326039C4000000E89 /* Products */,
			);
			sourceTree = "<group>";
		};
		420A883326039C4000000E89 /* Products */ = {
			isa = PBXGroup;
			children = (
				420A883226039C4000000E89 /* Wiki.app */,
			);
			name = Products;
			sourceTree = "<group>";
		};
		420A883426039C4000000E89 /* Wiki */ = {
			isa = PBXGroup;
			children = (
				42A7893F260533D800590519 /* Result.swift */,
				42A7893C26051CDD00590519 /* xmlData.xml */,
				42A789392604FB6F00590519 /* data.json */,
				420A883526039C4000000E89 /* AppDelegate.swift */,
				420A883726039C4000000E89 /* SceneDelegate.swift */,
				420A883926039C4000000E89 /* SearchViewController.swift */,
				420A885B2603B6DD00000E89 /* WebDataProvider.swift */,
				420A883B26039C4000000E89 /* Main.storyboard */,
				42A789492606395600590519 /* WebViewController.swift */,
				420A88572603ADF800000E89 /* SavedViewController.swift */,
				420A884126039C4300000E89 /* Assets.xcassets */,
				420A884326039C4300000E89 /* LaunchScreen.storyboard */,
				420A884626039C4300000E89 /* Info.plist */,
				420A883E26039C4000000E89 /* Wiki.xcdatamodeld */,
			);
			path = Wiki;
			sourceTree = "<group>";
		};
/* End PBXGroup section */

/* Begin PBXNativeTarget section */
		420A883126039C4000000E89 /* Wiki */ = {
			isa = PBXNativeTarget;
			buildConfigurationList = 420A884926039C4300000E89 /* Build configuration list for PBXNativeTarget "Wiki" */;
			buildPhases = (
				420A882E26039C4000000E89 /* Sources */,
				420A882F26039C4000000E89 /* Frameworks */,
				420A883026039C4000000E89 /* Resources */,
			);
			buildRules = (
			);
			dependencies = (
			);
			name = Wiki;
			productName = Wiki;
			productReference = 420A883226039C4000000E89 /* Wiki.app */;
			productType = "com.apple.product-type.application";
		};
/* End PBXNativeTarget section */

/* Begin PBXProject section */
		420A882A26039C3F00000E89 /* Project object */ = {
			isa = PBXProject;
			attributes = {
				LastSwiftUpdateCheck = 1240;
				LastUpgradeCheck = 1240;
				TargetAttributes = {
					420A883126039C4000000E89 = {
						CreatedOnToolsVersion = 12.4;
					};
				};
			};
			buildConfigurationList = 420A882D26039C3F00000E89 /* Build configuration list for PBXProject "Wiki" */;
			compatibilityVersion = "Xcode 12.0";
			developmentRegion = en;
			hasScannedForEncodings = 0;
			knownRegions = (
				en,
				Base,
			);
			mainGroup = 420A882926039C3F00000E89;
			productRefGroup = 420A883326039C4000000E89 /* Products */;
			projectDirPath = "";
			projectRoot = "";
			targets = (
				420A883126039C4000000E89 /* Wiki */,
			);
		};
/* End PBXProject section */

/* Begin PBXResourcesBuildPhase section */
		420A883026039C4000000E89 /* Resources */ = {
			isa = PBXResourcesBuildPhase;
			buildActionMask = 2147483647;
			files = (
				420A884526039C4300000E89 /* LaunchScreen.storyboard in Resources */,
				420A884226039C4300000E89 /* Assets.xcassets in Resources */,
				420A883D26039C4000000E89 /* Main.storyboard in Resources */,
				42A7893D26051CDD00590519 /* xmlData.xml in Resources */,
				42A7893A2604FB6F00590519 /* data.json in Resources */,
			);
			runOnlyForDeploymentPostprocessing = 0;
		};
/* End PBXResourcesBuildPhase section */

/* Begin PBXSourcesBuildPhase section */
		420A882E26039C4000000E89 /* Sources */ = {
			isa = PBXSourcesBuildPhase;
			buildActionMask = 2147483647;
			files = (
				420A883A26039C4000000E89 /* SearchViewController.swift in Sources */,
				420A884026039C4000000E89 /* Wiki.xcdatamodeld in Sources */,
				420A883626039C4000000E89 /* AppDelegate.swift in Sources */,
				420A88582603ADF800000E89 /* SavedViewController.swift in Sources */,
				42A78940260533D800590519 /* Result.swift in Sources */,
				420A883826039C4000000E89 /* SceneDelegate.swift in Sources */,
				420A885C2603B6DD00000E89 /* WebDataProvider.swift in Sources */,
				42A7894A2606395600590519 /* WebViewController.swift in Sources */,
			);
			runOnlyForDeploymentPostprocessing = 0;
		};
/* End PBXSourcesBuildPhase section */

/* Begin PBXVariantGroup section */
		420A883B26039C4000000E89 /* Main.storyboard */ = {
			isa = PBXVariantGroup;
			children = (
				420A883C26039C4000000E89 /* Base */,
			);
			name = Main.storyboard;
			sourceTree = "<group>";
		};
		420A884326039C4300000E89 /* LaunchScreen.storyboard */ = {
			isa = PBXVariantGroup;
			children = (
				420A884426039C4300000E89 /* Base */,
			);
			name = LaunchScreen.storyboard;
			sourceTree = "<group>";
		};
/* End PBXVariantGroup section */

/* Begin XCBuildConfiguration section */
		420A884726039C4300000E89 /* Debug */ = {
			isa = XCBuildConfiguration;
			buildSettings = {
				ALWAYS_SEARCH_USER_PATHS = NO;
				CLANG_ANALYZER_NONNULL = YES;
				CLANG_ANALYZER_NUMBER_OBJECT_CONVERSION = YES_AGGRESSIVE;
				CLANG_CXX_LANGUAGE_STANDARD = "gnu++14";
				CLANG_CXX_LIBRARY = "libc++";
				CLANG_ENABLE_MODULES = YES;
				CLANG_ENABLE_OBJC_ARC = YES;
				CLANG_ENABLE_OBJC_WEAK = YES;
				CLANG_WARN_BLOCK_CAPTURE_AUTORELEASING = YES;
				CLANG_WARN_BOOL_CONVERSION = YES;
				CLANG_WARN_COMMA = YES;
				CLANG_WARN_CONSTANT_CONVERSION = YES;
				CLANG_WARN_DEPRECATED_OBJC_IMPLEMENTATIONS = YES;
				CLANG_WARN_DIRECT_OBJC_ISA_USAGE = YES_ERROR;
				CLANG_WARN_DOCUMENTATION_COMMENTS = YES;
				CLANG_WARN_EMPTY_BODY = YES;
				CLANG_WARN_ENUM_CONVERSION = YES;
				CLANG_WARN_INFINITE_RECURSION = YES;
				CLANG_WARN_INT_CONVERSION = YES;
				CLANG_WARN_NON_LITERAL_NULL_CONVERSION = YES;
				CLANG_WARN_OBJC_IMPLICIT_RETAIN_SELF = YES;
				CLANG_WARN_OBJC_LITERAL_CONVERSION = YES;
				CLANG_WARN_OBJC_ROOT_CLASS = YES_ERROR;
				CLANG_WARN_QUOTED_INCLUDE_IN_FRAMEWORK_HEADER = YES;
				CLANG_WARN_RANGE_LOOP_ANALYSIS = YES;
				CLANG_WARN_STRICT_PROTOTYPES = YES;
				CLANG_WARN_SUSPICIOUS_MOVE = YES;
				CLANG_WARN_UNGUARDED_AVAILABILITY = YES_AGGRESSIVE;
				CLANG_WARN_UNREACHABLE_CODE = YES;
				CLANG_WARN__DUPLICATE_METHOD_MATCH = YES;
				COPY_PHASE_STRIP = NO;
				DEBUG_INFORMATION_FORMAT = dwarf;
				ENABLE_STRICT_OBJC_MSGSEND = YES;
				ENABLE_TESTABILITY = YES;
				GCC_C_LANGUAGE_STANDARD = gnu11;
				GCC_DYNAMIC_NO_PIC = NO;
				GCC_NO_COMMON_BLOCKS = YES;
				GCC_OPTIMIZATION_LEVEL = 0;
				GCC_PREPROCESSOR_DEFINITIONS = (
					"DEBUG=1",
					"$(inherited)",
				);
				GCC_WARN_64_TO_32_BIT_CONVERSION = YES;
				GCC_WARN_ABOUT_RETURN_TYPE = YES_ERROR;
				GCC_WARN_UNDECLARED_SELECTOR = YES;
				GCC_WARN_UNINITIALIZED_AUTOS = YES_AGGRESSIVE;
				GCC_WARN_UNUSED_FUNCTION = YES;
				GCC_WARN_UNUSED_VARIABLE = YES;
				IPHONEOS_DEPLOYMENT_TARGET = 13.0;
				MTL_ENABLE_DEBUG_INFO = INCLUDE_SOURCE;
				MTL_FAST_MATH = YES;
				ONLY_ACTIVE_ARCH = YES;
				SDKROOT = iphoneos;
				SWIFT_ACTIVE_COMPILATION_CONDITIONS = DEBUG;
				SWIFT_OPTIMIZATION_LEVEL = "-Onone";
			};
			name = Debug;
		};
		420A884826039C4300000E89 /* Release */ = {
			isa = XCBuildConfiguration;
			buildSettings = {
				ALWAYS_SEARCH_USER_PATHS = NO;
				CLANG_ANALYZER_NONNULL = YES;
				CLANG_ANALYZER_NUMBER_OBJECT_CONVERSION = YES_AGGRESSIVE;
				CLANG_CXX_LANGUAGE_STANDARD = "gnu++14";
				CLANG_CXX_LIBRARY = "libc++";
				CLANG_ENABLE_MODULES = YES;
				CLANG_ENABLE_OBJC_ARC = YES;
				CLANG_ENABLE_OBJC_WEAK = YES;
				CLANG_WARN_BLOCK_CAPTURE_AUTORELEASING = YES;
				CLANG_WARN_BOOL_CONVERSION = YES;
				CLANG_WARN_COMMA = YES;
				CLANG_WARN_CONSTANT_CONVERSION = YES;
				CLANG_WARN_DEPRECATED_OBJC_IMPLEMENTATIONS = YES;
				CLANG_WARN_DIRECT_OBJC_ISA_USAGE = YES_ERROR;
				CLANG_WARN_DOCUMENTATION_COMMENTS = YES;
				CLANG_WARN_EMPTY_BODY = YES;
				CLANG_WARN_ENUM_CONVERSION = YES;
				CLANG_WARN_INFINITE_RECURSION = YES;
				CLANG_WARN_INT_CONVERSION = YES;
				CLANG_WARN_NON_LITERAL_NULL_CONVERSION = YES;
				CLANG_WARN_OBJC_IMPLICIT_RETAIN_SELF = YES;
				CLANG_WARN_OBJC_LITERAL_CONVERSION = YES;
				CLANG_WARN_OBJC_ROOT_CLASS = YES_ERROR;
				CLANG_WARN_QUOTED_INCLUDE_IN_FRAMEWORK_HEADER = YES;
				CLANG_WARN_RANGE_LOOP_ANALYSIS = YES;
				CLANG_WARN_STRICT_PROTOTYPES = YES;
				CLANG_WARN_SUSPICIOUS_MOVE = YES;
				CLANG_WARN_UNGUARDED_AVAILABILITY = YES_AGGRESSIVE;
				CLANG_WARN_UNREACHABLE_CODE = YES;
				CLANG_WARN__DUPLICATE_METHOD_MATCH = YES;
				COPY_PHASE_STRIP = NO;
				DEBUG_INFORMATION_FORMAT = "dwarf-with-dsym";
				ENABLE_NS_ASSERTIONS = NO;
				ENABLE_STRICT_OBJC_MSGSEND = YES;
				GCC_C_LANGUAGE_STANDARD = gnu11;
				GCC_NO_COMMON_BLOCKS = YES;
				GCC_WARN_64_TO_32_BIT_CONVERSION = YES;
				GCC_WARN_ABOUT_RETURN_TYPE = YES_ERROR;
				GCC_WARN_UNDECLARED_SELECTOR = YES;
				GCC_WARN_UNINITIALIZED_AUTOS = YES_AGGRESSIVE;
				GCC_WARN_UNUSED_FUNCTION = YES;
				GCC_WARN_UNUSED_VARIABLE = YES;
				IPHONEOS_DEPLOYMENT_TARGET = 13.0;
				MTL_ENABLE_DEBUG_INFO = NO;
				MTL_FAST_MATH = YES;
				SDKROOT = iphoneos;
				SWIFT_COMPILATION_MODE = wholemodule;
				SWIFT_OPTIMIZATION_LEVEL = "-O";
				VALIDATE_PRODUCT = YES;
			};
			name = Release;
		};
		420A884A26039C4300000E89 /* Debug */ = {
			isa = XCBuildConfiguration;
			buildSettings = {
				ASSETCATALOG_COMPILER_APPICON_NAME = AppIcon;
				ASSETCATALOG_COMPILER_GLOBAL_ACCENT_COLOR_NAME = AccentColor;
				CODE_SIGN_STYLE = Automatic;
				DEVELOPMENT_TEAM = T3D7Y7VT93;
				INFOPLIST_FILE = Wiki/Info.plist;
				LD_RUNPATH_SEARCH_PATHS = (
					"$(inherited)",
					"@executable_path/Frameworks",
				);
				PRODUCT_BUNDLE_IDENTIFIER = sk.LZ.Wiki;
				PRODUCT_NAME = "$(TARGET_NAME)";
				SWIFT_VERSION = 5.0;
				TARGETED_DEVICE_FAMILY = "1,2";
			};
			name = Debug;
		};
		420A884B26039C4300000E89 /* Release */ = {
			isa = XCBuildConfiguration;
			buildSettings = {
				ASSETCATALOG_COMPILER_APPICON_NAME = AppIcon;
				ASSETCATALOG_COMPILER_GLOBAL_ACCENT_COLOR_NAME = AccentColor;
				CODE_SIGN_STYLE = Automatic;
				DEVELOPMENT_TEAM = T3D7Y7VT93;
				INFOPLIST_FILE = Wiki/Info.plist;
				LD_RUNPATH_SEARCH_PATHS = (
					"$(inherited)",
					"@executable_path/Frameworks",
				);
				PRODUCT_BUNDLE_IDENTIFIER = sk.LZ.Wiki;
				PRODUCT_NAME = "$(TARGET_NAME)";
				SWIFT_VERSION = 5.0;
				TARGETED_DEVICE_FAMILY = "1,2";
			};
			name = Release;
		};
/* End XCBuildConfiguration section */

/* Begin XCConfigurationList section */
		420A882D26039C3F00000E89 /* Build configuration list for PBXProject "Wiki" */ = {
			isa = XCConfigurationList;
			buildConfigurations = (
				420A884726039C4300000E89 /* Debug */,
				420A884826039C4300000E89 /* Release */,
			);
			defaultConfigurationIsVisible = 0;
			defaultConfigurationName = Release;
		};
		420A884926039C4300000E89 /* Build configuration list for PBXNativeTarget "Wiki" */ = {
			isa = XCConfigurationList;
			buildConfigurations = (
				420A884A26039C4300000E89 /* Debug */,
				420A884B26039C4300000E89 /* Release */,
			);
			defaultConfigurationIsVisible = 0;
			defaultConfigurationName = Release;
		};
/* End XCConfigurationList section */

/* Begin XCVersionGroup section */
		420A883E26039C4000000E89 /* Wiki.xcdatamodeld */ = {
			isa = XCVersionGroup;
			children = (
				420A883F26039C4000000E89 /* Wiki.xcdatamodel */,
			);
			currentVersion = 420A883F26039C4000000E89 /* Wiki.xcdatamodel */;
			path = Wiki.xcdatamodeld;
			sourceTree = "<group>";
			versionGroupType = wrapper.xcdatamodel;
		};
/* End XCVersionGroup section */
	};
	rootObject = 420A882A26039C3F00000E89 /* Project object */;
}
